// !$*UTF8*$!
{
	archiveVersion = 1;
	classes = {
	};
	objectVersion = 46;
	objects = {

/* Begin PBXBuildFile section */
		3EE117841E32EEAE003A5D29 /* AppDelegate.swift in Sources */ = {isa = PBXBuildFile; fileRef = 3EE117831E32EEAE003A5D29 /* AppDelegate.swift */; };
		3EE1178B1E32EEAE003A5D29 /* Assets.xcassets in Resources */ = {isa = PBXBuildFile; fileRef = 3EE1178A1E32EEAE003A5D29 /* Assets.xcassets */; };
		3EE1178E1E32EEAE003A5D29 /* LaunchScreen.storyboard in Resources */ = {isa = PBXBuildFile; fileRef = 3EE1178C1E32EEAE003A5D29 /* LaunchScreen.storyboard */; };
		3EE117961E32EEF6003A5D29 /* PhotosTableViewController.swift in Sources */ = {isa = PBXBuildFile; fileRef = 3EE117951E32EEF6003A5D29 /* PhotosTableViewController.swift */; };
		3EE117981E32F2A1003A5D29 /* ImageViewController.swift in Sources */ = {isa = PBXBuildFile; fileRef = 3EE117971E32F2A1003A5D29 /* ImageViewController.swift */; };
		3EE1179A1E32F7DA003A5D29 /* Main.storyboard in Resources */ = {isa = PBXBuildFile; fileRef = 3EE117991E32F7DA003A5D29 /* Main.storyboard */; };
/* End PBXBuildFile section */

/* Begin PBXFileReference section */
		3EE117801E32EEAE003A5D29 /* PhotoMomentsTable.app */ = {isa = PBXFileReference; explicitFileType = wrapper.application; includeInIndex = 0; path = PhotoMomentsTable.app; sourceTree = BUILT_PRODUCTS_DIR; };
		3EE117831E32EEAE003A5D29 /* AppDelegate.swift */ = {isa = PBXFileReference; lastKnownFileType = sourcecode.swift; path = AppDelegate.swift; sourceTree = "<group>"; };
		3EE1178A1E32EEAE003A5D29 /* Assets.xcassets */ = {isa = PBXFileReference; lastKnownFileType = folder.assetcatalog; path = Assets.xcassets; sourceTree = "<group>"; };
		3EE1178D1E32EEAE003A5D29 /* Base */ = {isa = PBXFileReference; lastKnownFileType = file.storyboard; name = Base; path = Base.lproj/LaunchScreen.storyboard; sourceTree = "<group>"; };
		3EE1178F1E32EEAE003A5D29 /* Info.plist */ = {isa = PBXFileReference; lastKnownFileType = text.plist.xml; path = Info.plist; sourceTree = "<group>"; };
		3EE117951E32EEF6003A5D29 /* PhotosTableViewController.swift */ = {isa = PBXFileReference; fileEncoding = 4; lastKnownFileType = sourcecode.swift; path = PhotosTableViewController.swift; sourceTree = "<group>"; };
		3EE117971E32F2A1003A5D29 /* ImageViewController.swift */ = {isa = PBXFileReference; fileEncoding = 4; lastKnownFileType = sourcecode.swift; path = ImageViewController.swift; sourceTree = "<group>"; };
		3EE117991E32F7DA003A5D29 /* Main.storyboard */ = {isa = PBXFileReference; fileEncoding = 4; lastKnownFileType = file.storyboard; path = Main.storyboard; sourceTree = "<group>"; };
/* End PBXFileReference section */

/* Begin PBXFrameworksBuildPhase section */
		3EE1177D1E32EEAE003A5D29 /* Frameworks */ = {
			isa = PBXFrameworksBuildPhase;
			buildActionMask = 2147483647;
			files = (
			);
			runOnlyForDeploymentPostprocessing = 0;
		};
/* End PBXFrameworksBuildPhase section */

/* Begin PBXGroup section */
		3EE117771E32EEAE003A5D29 = {
			isa = PBXGroup;
			children = (
				3EE117821E32EEAE003A5D29 /* PhotoMomentsTable */,
				3EE117811E32EEAE003A5D29 /* Products */,
			);
			sourceTree = "<group>";
		};
		3EE117811E32EEAE003A5D29 /* Products */ = {
			isa = PBXGroup;
			children = (
				3EE117801E32EEAE003A5D29 /* PhotoMomentsTable.app */,
			);
			name = Products;
			sourceTree = "<group>";
		};
		3EE117821E32EEAE003A5D29 /* PhotoMomentsTable */ = {
			isa = PBXGroup;
			children = (
				3EE117831E32EEAE003A5D29 /* AppDelegate.swift */,
				3EE117991E32F7DA003A5D29 /* Main.storyboard */,
				3EE117951E32EEF6003A5D29 /* PhotosTableViewController.swift */,
				3EE117971E32F2A1003A5D29 /* ImageViewController.swift */,
				3EE1178A1E32EEAE003A5D29 /* Assets.xcassets */,
				3EE1178C1E32EEAE003A5D29 /* LaunchScreen.storyboard */,
				3EE1178F1E32EEAE003A5D29 /* Info.plist */,
			);
			path = PhotoMomentsTable;
			sourceTree = "<group>";
		};
/* End PBXGroup section */

/* Begin PBXNativeTarget section */
		3EE1177F1E32EEAE003A5D29 /* PhotoMomentsTable */ = {
			isa = PBXNativeTarget;
			buildConfigurationList = 3EE117921E32EEAE003A5D29 /* Build configuration list for PBXNativeTarget "PhotoMomentsTable" */;
			buildPhases = (
				3EE1177C1E32EEAE003A5D29 /* Sources */,
				3EE1177D1E32EEAE003A5D29 /* Frameworks */,
				3EE1177E1E32EEAE003A5D29 /* Resources */,
			);
			buildRules = (
			);
			dependencies = (
			);
			name = PhotoMomentsTable;
			productName = PhotoMomentsTable;
			productReference = 3EE117801E32EEAE003A5D29 /* PhotoMomentsTable.app */;
			productType = "com.apple.product-type.application";
		};
/* End PBXNativeTarget section */

/* Begin PBXProject section */
		3EE117781E32EEAE003A5D29 /* Project object */ = {
			isa = PBXProject;
			attributes = {
				LastSwiftUpdateCheck = 0820;
				LastUpgradeCheck = 0820;
				ORGANIZATIONNAME = "Marcel Chaucer";
				TargetAttributes = {
					3EE1177F1E32EEAE003A5D29 = {
						CreatedOnToolsVersion = 8.2.1;
						ProvisioningStyle = Automatic;
					};
				};
			};
			buildConfigurationList = 3EE1177B1E32EEAE003A5D29 /* Build configuration list for PBXProject "PhotoMomentsTable" */;
			compatibilityVersion = "Xcode 3.2";
			developmentRegion = English;
			hasScannedForEncodings = 0;
			knownRegions = (
				en,
				Base,
			);
			mainGroup = 3EE117771E32EEAE003A5D29;
			productRefGroup = 3EE117811E32EEAE003A5D29 /* Products */;
			projectDirPath = "";
			projectRoot = "";
			targets = (
				3EE1177F1E32EEAE003A5D29 /* PhotoMomentsTable */,
			);
		};
/* End PBXProject section */

/* Begin PBXResourcesBuildPhase section */
		3EE1177E1E32EEAE003A5D29 /* Resources */ = {
			isa = PBXResourcesBuildPhase;
			buildActionMask = 2147483647;
			files = (
				3EE1178E1E32EEAE003A5D29 /* LaunchScreen.storyboard in Resources */,
				3EE1179A1E32F7DA003A5D29 /* Main.storyboard in Resources */,
				3EE1178B1E32EEAE003A5D29 /* Assets.xcassets in Resources */,
			);
			runOnlyForDeploymentPostprocessing = 0;
		};
/* End PBXResourcesBuildPhase section */

/* Begin PBXSourcesBuildPhase section */
		3EE1177C1E32EEAE003A5D29 /* Sources */ = {
			isa = PBXSourcesBuildPhase;
			buildActionMask = 2147483647;
			files = (
				3EE117961E32EEF6003A5D29 /* PhotosTableViewController.swift in Sources */,
				3EE117981E32F2A1003A5D29 /* ImageViewController.swift in Sources */,
				3EE117841E32EEAE003A5D29 /* AppDelegate.swift in Sources */,
			);
			runOnlyForDeploymentPostprocessing = 0;
		};
/* End PBXSourcesBuildPhase section */

/* Begin PBXVariantGroup section */
		3EE1178C1E32EEAE003A5D29 /* LaunchScreen.storyboard */ = {
			isa = PBXVariantGroup;
			children = (
				3EE1178D1E32EEAE003A5D29 /* Base */,
			);
			name = LaunchScreen.storyboard;
			sourceTree = "<group>";
		};
/* End PBXVariantGroup section */

/* Begin XCBuildConfiguration section */
		3EE117901E32EEAE003A5D29 /* Debug */ = {
			isa = XCBuildConfiguration;
			buildSettings = {
				ALWAYS_SEARCH_USER_PATHS = NO;
				CLANG_ANALYZER_NONNULL = YES;
				CLANG_CXX_LANGUAGE_STANDARD = "gnu++0x";
				CLANG_CXX_LIBRARY = "libc++";
				CLANG_ENABLE_MODULES = YES;
				CLANG_ENABLE_OBJC_ARC = YES;
				CLANG_WARN_BOOL_CONVERSION = YES;
				CLANG_WARN_CONSTANT_CONVERSION = YES;
				CLANG_WARN_DIRECT_OBJC_ISA_USAGE = YES_ERROR;
				CLANG_WARN_DOCUMENTATION_COMMENTS = YES;
				CLANG_WARN_EMPTY_BODY = YES;
				CLANG_WARN_ENUM_CONVERSION = YES;
				CLANG_WARN_INFINITE_RECURSION = YES;
				CLANG_WARN_INT_CONVERSION = YES;
				CLANG_WARN_OBJC_ROOT_CLASS = YES_ERROR;
				CLANG_WARN_SUSPICIOUS_MOVE = YES;
				CLANG_WARN_UNREACHABLE_CODE = YES;
				CLANG_WARN__DUPLICATE_METHOD_MATCH = YES;
				"CODE_SIGN_IDENTITY[sdk=iphoneos*]" = "iPhone Developer";
				COPY_PHASE_STRIP = NO;
				DEBUG_INFORMATION_FORMAT = dwarf;
				ENABLE_STRICT_OBJC_MSGSEND = YES;
				ENABLE_TESTABILITY = YES;
				GCC_C_LANGUAGE_STANDARD = gnu99;
				GCC_DYNAMIC_NO_PIC = NO;
				GCC_NO_COMMON_BLOCKS = YES;
				GCC_OPTIMIZATION_LEVEL = 0;
				GCC_PREPROCESSOR_DEFINITIONS = (
					"DEBUG=1",
					"$(inherited)",
				);
				GCC_WARN_64_TO_32_BIT_CONVERSION = YES;
				GCC_WARN_ABOUT_RETURN_TYPE = YES_ERROR;
				GCC_WARN_UNDECLARED_SELECTOR = YES;
				GCC_WARN_UNINITIALIZED_AUTOS = YES_AGGRESSIVE;
				GCC_WARN_UNUSED_FUNCTION = YES;
				GCC_WARN_UNUSED_VARIABLE = YES;
				IPHONEOS_DEPLOYMENT_TARGET = 10.2;
				MTL_ENABLE_DEBUG_INFO = YES;
				ONLY_ACTIVE_ARCH = YES;
				SDKROOT = iphoneos;
				SWIFT_ACTIVE_COMPILATION_CONDITIONS = DEBUG;
				SWIFT_OPTIMIZATION_LEVEL = "-Onone";
				TARGETED_DEVICE_FAMILY = "1,2";
			};
			name = Debug;
		};
		3EE117911E32EEAE003A5D29 /* Release */ = {
			isa = XCBuildConfiguration;
			buildSettings = {
				ALWAYS_SEARCH_USER_PATHS = NO;
				CLANG_ANALYZER_NONNULL = YES;
				CLANG_CXX_LANGUAGE_STANDARD = "gnu++0x";
				CLANG_CXX_LIBRARY = "libc++";
				CLANG_ENABLE_MODULES = YES;
				CLANG_ENABLE_OBJC_ARC = YES;
				CLANG_WARN_BOOL_CONVERSION = YES;
				CLANG_WARN_CONSTANT_CONVERSION = YES;
				CLANG_WARN_DIRECT_OBJC_ISA_USAGE = YES_ERROR;
				CLANG_WARN_DOCUMENTATION_COMMENTS = YES;
				CLANG_WARN_EMPTY_BODY = YES;
				CLANG_WARN_ENUM_CONVERSION = YES;
				CLANG_WARN_INFINITE_RECURSION = YES;
				CLANG_WARN_INT_CONVERSION = YES;
				CLANG_WARN_OBJC_ROOT_CLASS = YES_ERROR;
				CLANG_WARN_SUSPICIOUS_MOVE = YES;
				CLANG_WARN_UNREACHABLE_CODE = YES;
				CLANG_WARN__DUPLICATE_METHOD_MATCH = YES;
				"CODE_SIGN_IDENTITY[sdk=iphoneos*]" = "iPhone Developer";
				COPY_PHASE_STRIP = NO;
				DEBUG_INFORMATION_FORMAT = "dwarf-with-dsym";
				ENABLE_NS_ASSERTIONS = NO;
				ENABLE_STRICT_OBJC_MSGSEND = YES;
				GCC_C_LANGUAGE_STANDARD = gnu99;
				GCC_NO_COMMON_BLOCKS = YES;
				GCC_WARN_64_TO_32_BIT_CONVERSION = YES;
				GCC_WARN_ABOUT_RETURN_TYPE = YES_ERROR;
				GCC_WARN_UNDECLARED_SELECTOR = YES;
				GCC_WARN_UNINITIALIZED_AUTOS = YES_AGGRESSIVE;
				GCC_WARN_UNUSED_FUNCTION = YES;
				GCC_WARN_UNUSED_VARIABLE = YES;
				IPHONEOS_DEPLOYMENT_TARGET = 10.2;
				MTL_ENABLE_DEBUG_INFO = NO;
				SDKROOT = iphoneos;
				SWIFT_OPTIMIZATION_LEVEL = "-Owholemodule";
				TARGETED_DEVICE_FAMILY = "1,2";
				VALIDATE_PRODUCT = YES;
			};
			name = Release;
		};
		3EE117931E32EEAE003A5D29 /* Debug */ = {
			isa = XCBuildConfiguration;
			buildSettings = {
				ASSETCATALOG_COMPILER_APPICON_NAME = AppIcon;
				INFOPLIST_FILE = PhotoMomentsTable/Info.plist;
				LD_RUNPATH_SEARCH_PATHS = "$(inherited) @executable_path/Frameworks";
				PRODUCT_BUNDLE_IDENTIFIER = nyc.c4q.marcelchaucer.PhotoMomentsTable;
				PRODUCT_NAME = "$(TARGET_NAME)";
				SWIFT_VERSION = 3.0;
			};
			name = Debug;
		};
		3EE117941E32EEAE003A5D29 /* Release */ = {
			isa = XCBuildConfiguration;
			buildSettings = {
				ASSETCATALOG_COMPILER_APPICON_NAME = AppIcon;
				INFOPLIST_FILE = PhotoMomentsTable/Info.plist;
				LD_RUNPATH_SEARCH_PATHS = "$(inherited) @executable_path/Frameworks";
				PRODUCT_BUNDLE_IDENTIFIER = nyc.c4q.marcelchaucer.PhotoMomentsTable;
				PRODUCT_NAME = "$(TARGET_NAME)";
				SWIFT_VERSION = 3.0;
			};
			name = Release;
		};
/* End XCBuildConfiguration section */

/* Begin XCConfigurationList section */
		3EE1177B1E32EEAE003A5D29 /* Build configuration list for PBXProject "PhotoMomentsTable" */ = {
			isa = XCConfigurationList;
			buildConfigurations = (
				3EE117901E32EEAE003A5D29 /* Debug */,
				3EE117911E32EEAE003A5D29 /* Release */,
			);
			defaultConfigurationIsVisible = 0;
			defaultConfigurationName = Release;
		};
		3EE117921E32EEAE003A5D29 /* Build configuration list for PBXNativeTarget "PhotoMomentsTable" */ = {
			isa = XCConfigurationList;
			buildConfigurations = (
				3EE117931E32EEAE003A5D29 /* Debug */,
				3EE117941E32EEAE003A5D29 /* Release */,
			);
			defaultConfigurationIsVisible = 0;
		};
/* End XCConfigurationList section */
	};
	rootObject = 3EE117781E32EEAE003A5D29 /* Project object */;
}
